{
  "name": "rellax",
  "version": "1.6.1",
  "lockfileVersion": 1,
  "requires": true,
  "dependencies": {
    "heap-js": {
      "version": "2.1.2",
      "resolved": "https://registry.npmjs.org/heap-js/-/heap-js-2.1.2.tgz",
      "integrity": "sha512-urRBDI/0ol7m3OS/ZzvB5+Ym9i4zwlzTACSHMrGmTgh1xcrB1AX6lmeWW6u5rrS5YHHMYClta35/LUPZhjPH9Q=="
    }
  }
}
